
Microsoft Visual Studio Solution File, Format Version 12.00
# Visual Studio Version 17
VisualStudioVersion = 17.0.31710.8
MinimumVisualStudioVersion = 10.0.40219.1
Project("{9A19103F-16F7-4668-BE54-9A1E7A4F7556}") = "FileUploadTestApp.Client", "tests\FileUploadTestApp\Client\FileUploadTestApp.Client.csproj", "{3707B3A5-81BE-453F-B238-8620B7B4E7E5}"
EndProject
Project("{9A19103F-16F7-4668-BE54-9A1E7A4F7556}") = "FileUploadTestApp.Server", "tests\FileUploadTestApp\Server\FileUploadTestApp.Server.csproj", "{4938A98E-A6B4-4DE3-8D54-7DB09B0D93CD}"
EndProject
Project("{9A19103F-16F7-4668-BE54-9A1E7A4F7556}") = "LargeFileUpload", "src\LargeFileUpload\LargeFileUpload.csproj", "{FAAC24EC-0D1B-4C57-B4C2-AC9A699D8C3A}"
EndProject
Global
	GlobalSection(SolutionConfigurationPlatforms) = preSolution
		Debug|Any CPU = Debug|Any CPU
		Release|Any CPU = Release|Any CPU
	EndGlobalSection
	GlobalSection(ProjectConfigurationPlatforms) = postSolution
		{3707B3A5-81BE-453F-B238-8620B7B4E7E5}.Debug|Any CPU.ActiveCfg = Debug|Any CPU
		{3707B3A5-81BE-453F-B238-8620B7B4E7E5}.Debug|Any CPU.Build.0 = Debug|Any CPU
		{3707B3A5-81BE-453F-B238-8620B7B4E7E5}.Release|Any CPU.ActiveCfg = Release|Any CPU
		{3707B3A5-81BE-453F-B238-8620B7B4E7E5}.Release|Any CPU.Build.0 = Release|Any CPU
		{4938A98E-A6B4-4DE3-8D54-7DB09B0D93CD}.Debug|Any CPU.ActiveCfg = Debug|Any CPU
		{4938A98E-A6B4-4DE3-8D54-7DB09B0D93CD}.Debug|Any CPU.Build.0 = Debug|Any CPU
		{4938A98E-A6B4-4DE3-8D54-7DB09B0D93CD}.Release|Any CPU.ActiveCfg = Release|Any CPU
		{4938A98E-A6B4-4DE3-8D54-7DB09B0D93CD}.Release|Any CPU.Build.0 = Release|Any CPU
		{FAAC24EC-0D1B-4C57-B4C2-AC9A699D8C3A}.Debug|Any CPU.ActiveCfg = Debug|Any CPU
		{FAAC24EC-0D1B-4C57-B4C2-AC9A699D8C3A}.Debug|Any CPU.Build.0 = Debug|Any CPU
		{FAAC24EC-0D1B-4C57-B4C2-AC9A699D8C3A}.Release|Any CPU.ActiveCfg = Release|Any CPU
		{FAAC24EC-0D1B-4C57-B4C2-AC9A699D8C3A}.Release|Any CPU.Build.0 = Release|Any CPU
	EndGlobalSection
	GlobalSection(SolutionProperties) = preSolution
		HideSolutionNode = FALSE
	EndGlobalSection
	GlobalSection(ExtensibilityGlobals) = postSolution
		SolutionGuid = {2A4AC557-688A-4F7B-83EC-A506FBAB8675}
	EndGlobalSection
EndGlobal
